lockfileVersion: '9.0'

settings:
  autoInstallPeers: true
  excludeLinksFromLockfile: false

importers:

  .:
    devDependencies:
      wp-prettier:
        specifier: ^3.0.3
        version: 3.0.3

packages:

  wp-prettier@3.0.3:
    resolution: {integrity: sha512-X4UlrxDTH8oom9qXlcjnydsjAOD2BmB6yFmvS4Z2zdTzqqpRWb+fbqrH412+l+OUXmbzJlSXjlMFYPgYG12IAA==}
    engines: {node: '>=14'}
    hasBin: true

snapshots:

  wp-prettier@3.0.3: {}
